{
  "requires": true,
  "lockfileVersion": 1,
  "dependencies": {
    "npm": {
      "version": "9.8.1",
      "resolved": "https://registry.npmjs.org/npm/-/npm-9.8.1.tgz",
      "integrity": "sha512-AfDvThQzsIXhYgk9zhbk5R+lh811lKkLAeQMMhSypf1BM7zUafeIIBzMzespeuVEJ0+LvY36oRQYf7IKLzU3rw==",
      "requires": {
        "@isaacs/string-locale-compare": "^1.1.0",
        "@npmcli/arborist": "^6.3.0",
        "@npmcli/config": "^6.2.1",
        "@npmcli/fs": "^3.1.0",
        "@npmcli/map-workspaces": "^3.0.4",
        "@npmcli/package-json": "^4.0.1",
        "@npmcli/promise-spawn": "^6.0.2",
        "@npmcli/run-script": "^6.0.2",
        "abbrev": "^2.0.0",
        "archy": "~1.0.0",
        "cacache": "^17.1.3",
        "chalk": "^5.3.0",
        "ci-info": "^3.8.0",
        "cli-columns": "^4.0.0",
        "cli-table3": "^0.6.3",
        "columnify": "^1.6.0",
        "fastest-levenshtein": "^1.0.16",
        "fs-minipass": "^3.0.2",
        "glob": "^10.2.7",
        "graceful-fs": "^4.2.11",
        "hosted-git-info": "^6.1.1",
        "ini": "^4.1.1",
        "init-package-json": "^5.0.0",
        "is-cidr": "^4.0.2",
        "json-parse-even-better-errors": "^3.0.0",
        "libnpmaccess": "^7.0.2",
        "libnpmdiff": "^5.0.19",
        "libnpmexec": "^6.0.3",
        "libnpmfund": "^4.0.19",
        "libnpmhook": "^9.0.3",
        "libnpmorg": "^5.0.4",
        "libnpmpack": "^5.0.19",
        "libnpmpublish": "^7.5.0",
        "libnpmsearch": "^6.0.2",
        "libnpmteam": "^5.0.3",
        "libnpmversion": "^4.0.2",
        "make-fetch-happen": "^11.1.1",
        "minimatch": "^9.0.3",
        "minipass": "^5.0.0",
        "minipass-pipeline": "^1.2.4",
        "ms": "^2.1.2",
        "node-gyp": "^9.4.0",
        "nopt": "^7.2.0",
        "npm-audit-report": "^5.0.0",
        "npm-install-checks": "^6.1.1",
        "npm-package-arg": "^10.1.0",
        "npm-pick-manifest": "^8.0.1",
        "npm-profile": "^7.0.1",
        "npm-registry-fetch": "^14.0.5",
        "npm-user-validate": "^2.0.0",
        "npmlog": "^7.0.1",
        "p-map": "^4.0.0",
        "pacote": "^15.2.0",
        "parse-conflict-json": "^3.0.1",
        "proc-log": "^3.0.0",
        "qrcode-terminal": "^0.12.0",
        "read": "^2.1.0",
        "semver": "^7.5.4",
        "sigstore": "^1.7.0",
        "ssri": "^10.0.4",
        "supports-color": "^9.4.0",
        "tar": "^6.1.15",
        "text-table": "~0.2.0",
        "tiny-relative-date": "^1.3.0",
        "treeverse": "^3.0.0",
        "validate-npm-package-name": "^5.0.0",
        "which": "^3.0.1",
        "write-file-atomic": "^5.0.1"
      },
      "dependencies": {
        "@colors/colors": {
          "version": "1.5.0",
          "bundled": true,
          "optional": true
        },
        "@isaacs/cliui": {
          "version": "8.0.2",
          "bundled": true,
          "requires": {
            "string-width": "^5.1.2",
            "string-width-cjs": "npm:string-width@^4.2.0",
            "strip-ansi": "^7.0.1",
            "strip-ansi-cjs": "npm:strip-ansi@^6.0.1",
            "wrap-ansi": "^8.1.0",
            "wrap-ansi-cjs": "npm:wrap-ansi@^7.0.0"
          },
          "dependencies": {
            "ansi-regex": {
              "version": "6.0.1",
              "bundled": true
            },
            "emoji-regex": {
              "version": "9.2.2",
              "bundled": true
            },
            "string-width": {
              "version": "5.1.2",
              "bundled": true,
              "requires": {
                "eastasianwidth": "^0.2.0",
                "emoji-regex": "^9.2.2",
                "strip-ansi": "^7.0.1"
              }
            },
            "strip-ansi": {
              "version": "7.1.0",
              "bundled": true,
              "requires": {
                "ansi-regex": "^6.0.1"
              }
            }
          }
        },
        "@isaacs/string-locale-compare": {
          "version": "1.1.0",
          "bundled": true
        },
        "@npmcli/arborist": {
          "version": "6.3.0",
          "bundled": true,
          "requires": {
            "@isaacs/string-locale-compare": "^1.1.0",
            "@npmcli/fs": "^3.1.0",
            "@npmcli/installed-package-contents": "^2.0.2",
            "@npmcli/map-workspaces": "^3.0.2",
            "@npmcli/metavuln-calculator": "^5.0.0",
            "@npmcli/name-from-folder": "^2.0.0",
            "@npmcli/node-gyp": "^3.0.0",
            "@npmcli/package-json": "^4.0.0",
            "@npmcli/query": "^3.0.0",
            "@npmcli/run-script": "^6.0.0",
            "bin-links": "^4.0.1",
            "cacache": "^17.0.4",
            "common-ancestor-path": "^1.0.1",
            "hosted-git-info": "^6.1.1",
            "json-parse-even-better-errors": "^3.0.0",
            "json-stringify-nice": "^1.1.4",
            "minimatch": "^9.0.0",
            "nopt": "^7.0.0",
            "npm-install-checks": "^6.0.0",
            "npm-package-arg": "^10.1.0",
            "npm-pick-manifest": "^8.0.1",
            "npm-registry-fetch": "^14.0.3",
            "npmlog": "^7.0.1",
            "pacote": "^15.0.8",
            "parse-conflict-json": "^3.0.0",
            "proc-log": "^3.0.0",
            "promise-all-reject-late": "^1.0.0",
            "promise-call-limit": "^1.0.2",
            "read-package-json-fast": "^3.0.2",
            "semver": "^7.3.7",
            "ssri": "^10.0.1",
            "treeverse": "^3.0.0",
            "walk-up-path": "^3.0.1"
          }
        },
        "@npmcli/config": {
          "version": "6.2.1",
          "bundled": true,
          "requires": {
            "@npmcli/map-workspaces": "^3.0.2",
            "ci-info": "^3.8.0",
            "ini": "^4.1.0",
            "nopt": "^7.0.0",
            "proc-log": "^3.0.0",
            "read-package-json-fast": "^3.0.2",
            "semver": "^7.3.5",
            "walk-up-path": "^3.0.1"
          }
        },
        "@npmcli/disparity-colors": {
          "version": "3.0.0",
          "bundled": true,
          "requires": {
            "ansi-styles": "^4.3.0"
          }
        },
        "@npmcli/fs": {
          "version": "3.1.0",
          "bundled": true,
          "requires": {
            "semver": "^7.3.5"
          }
        },
        "@npmcli/git": {
          "version": "4.1.0",
          "bundled": true,
          "requires": {
            "@npmcli/promise-spawn": "^6.0.0",
            "lru-cache": "^7.4.4",
            "npm-pick-manifest": "^8.0.0",
            "proc-log": "^3.0.0",
            "promise-inflight": "^1.0.1",
            "promise-retry": "^2.0.1",
            "semver": "^7.3.5",
            "which": "^3.0.0"
          }
        },
        "@npmcli/installed-package-contents": {
          "version": "2.0.2",
          "bundled": true,
          "requires": {
            "npm-bundled": "^3.0.0",
            "npm-normalize-package-bin": "^3.0.0"
          }
        },
        "@npmcli/map-workspaces": {
          "version": "3.0.4",
          "bundled": true,
          "requires": {
            "@npmcli/name-from-folder": "^2.0.0",
            "glob": "^10.2.2",
            "minimatch": "^9.0.0",
            "read-package-json-fast": "^3.0.0"
          }
        },
        "@npmcli/metavuln-calculator": {
          "version": "5.0.1",
          "bundled": true,
          "requires": {
            "cacache": "^17.0.0",
            "json-parse-even-better-errors": "^3.0.0",
            "pacote": "^15.0.0",
            "semver": "^7.3.5"
          }
        },
        "@npmcli/name-from-folder": {
          "version": "2.0.0",
          "bundled": true
        },
        "@npmcli/node-gyp": {
          "version": "3.0.0",
          "bundled": true
        },
        "@npmcli/package-json": {
          "version": "4.0.1",
          "bundled": true,
          "requires": {
            "@npmcli/git": "^4.1.0",
            "glob": "^10.2.2",
            "hosted-git-info": "^6.1.1",
            "json-parse-even-better-errors": "^3.0.0",
            "normalize-package-data": "^5.0.0",
            "proc-log": "^3.0.0",
            "semver": "^7.5.3"
          }
        },
        "@npmcli/promise-spawn": {
          "version": "6.0.2",
          "bundled": true,
          "requires": {
            "which": "^3.0.0"
          }
        },
        "@npmcli/query": {
          "version": "3.0.0",
          "bundled": true,
          "requires": {
            "postcss-selector-parser": "^6.0.10"
          }
        },
        "@npmcli/run-script": {
          "version": "6.0.2",
          "bundled": true,
          "requires": {
            "@npmcli/node-gyp": "^3.0.0",
            "@npmcli/promise-spawn": "^6.0.0",
            "node-gyp": "^9.0.0",
            "read-package-json-fast": "^3.0.0",
            "which": "^3.0.0"
          }
        },
        "@pkgjs/parseargs": {
          "version": "0.11.0",
          "bundled": true,
          "optional": true
        },
        "@sigstore/protobuf-specs": {
          "version": "0.1.0",
          "bundled": true
        },
        "@sigstore/tuf": {
          "version": "1.0.2",
          "bundled": true,
          "requires": {
            "@sigstore/protobuf-specs": "^0.1.0",
            "tuf-js": "^1.1.7"
          }
        },
        "@tootallnate/once": {
          "version": "2.0.0",
          "bundled": true
        },
        "@tufjs/canonical-json": {
          "version": "1.0.0",
          "bundled": true
        },
        "@tufjs/models": {
          "version": "1.0.4",
          "bundled": true,
          "requires": {
            "@tufjs/canonical-json": "1.0.0",
            "minimatch": "^9.0.0"
          }
        },
        "abbrev": {
          "version": "2.0.0",
          "bundled": true
        },
        "abort-controller": {
          "version": "3.0.0",
          "bundled": true,
          "requires": {
            "event-target-shim": "^5.0.0"
          }
        },
        "agent-base": {
          "version": "6.0.2",
          "bundled": true,
          "requires": {
            "debug": "4"
          }
        },
        "agentkeepalive": {
          "version": "4.3.0",
          "bundled": true,
          "requires": {
            "debug": "^4.1.0",
            "depd": "^2.0.0",
            "humanize-ms": "^1.2.1"
          }
        },
        "aggregate-error": {
          "version": "3.1.0",
          "bundled": true,
          "requires": {
            "clean-stack": "^2.0.0",
            "indent-string": "^4.0.0"
          }
        },
        "ansi-regex": {
          "version": "5.0.1",
          "bundled": true
        },
        "ansi-styles": {
          "version": "4.3.0",
          "bundled": true,
          "requires": {
            "color-convert": "^2.0.1"
          }
        },
        "aproba": {
          "version": "2.0.0",
          "bundled": true
        },
        "archy": {
          "version": "1.0.0",
          "bundled": true
        },
        "are-we-there-yet": {
          "version": "4.0.0",
          "bundled": true,
          "requires": {
            "delegates": "^1.0.0",
            "readable-stream": "^4.1.0"
          }
        },
        "balanced-match": {
          "version": "1.0.2",
          "bundled": true
        },
        "base64-js": {
          "version": "1.5.1",
          "bundled": true
        },
        "bin-links": {
          "version": "4.0.2",
          "bundled": true,
          "requires": {
            "cmd-shim": "^6.0.0",
            "npm-normalize-package-bin": "^3.0.0",
            "read-cmd-shim": "^4.0.0",
            "write-file-atomic": "^5.0.0"
          }
        },
        "binary-extensions": {
          "version": "2.2.0",
          "bundled": true
        },
        "brace-expansion": {
          "version": "2.0.1",
          "bundled": true,
          "requires": {
            "balanced-match": "^1.0.0"
          }
        },
        "buffer": {
          "version": "6.0.3",
          "bundled": true,
          "requires": {
            "base64-js": "^1.3.1",
            "ieee754": "^1.2.1"
          }
        },
        "builtins": {
          "version": "5.0.1",
          "bundled": true,
          "requires": {
            "semver": "^7.0.0"
          }
        },
        "cacache": {
          "version": "17.1.3",
          "bundled": true,
          "requires": {
            "@npmcli/fs": "^3.1.0",
            "fs-minipass": "^3.0.0",
            "glob": "^10.2.2",
            "lru-cache": "^7.7.1",
            "minipass": "^5.0.0",
            "minipass-collect": "^1.0.2",
            "minipass-flush": "^1.0.5",
            "minipass-pipeline": "^1.2.4",
            "p-map": "^4.0.0",
            "ssri": "^10.0.0",
            "tar": "^6.1.11",
            "unique-filename": "^3.0.0"
          }
        },
        "chalk": {
          "version": "5.3.0",
          "bundled": true
        },
        "chownr": {
          "version": "2.0.0",
          "bundled": true
        },
        "ci-info": {
          "version": "3.8.0",
          "bundled": true
        },
        "cidr-regex": {
          "version": "3.1.1",
          "bundled": true,
          "requires": {
            "ip-regex": "^4.1.0"
          }
        },
        "clean-stack": {
          "version": "2.2.0",
          "bundled": true
        },
        "cli-columns": {
          "version": "4.0.0",
          "bundled": true,
          "requires": {
            "string-width": "^4.2.3",
            "strip-ansi": "^6.0.1"
          }
        },
        "cli-table3": {
          "version": "0.6.3",
          "bundled": true,
          "requires": {
            "@colors/colors": "1.5.0",
            "string-width": "^4.2.0"
          }
        },
        "clone": {
          "version": "1.0.4",
          "bundled": true
        },
        "cmd-shim": {
          "version": "6.0.1",
          "bundled": true
        },
        "color-convert": {
          "version": "2.0.1",
          "bundled": true,
          "requires": {
            "color-name": "~1.1.4"
          }
        },
        "color-name": {
          "version": "1.1.4",
          "bundled": true
        },
        "color-support": {
          "version": "1.1.3",
          "bundled": true
        },
        "columnify": {
          "version": "1.6.0",
          "bundled": true,
          "requires": {
            "strip-ansi": "^6.0.1",
            "wcwidth": "^1.0.0"
          }
        },
        "common-ancestor-path": {
          "version": "1.0.1",
          "bundled": true
        },
        "concat-map": {
          "version": "0.0.1",
          "bundled": true
        },
        "console-control-strings": {
          "version": "1.1.0",
          "bundled": true
        },
        "cross-spawn": {
          "version": "7.0.3",
          "bundled": true,
          "requires": {
            "path-key": "^3.1.0",
            "shebang-command": "^2.0.0",
            "which": "^2.0.1"
          },
          "dependencies": {
            "which": {
              "version": "2.0.2",
              "bundled": true,
              "requires": {
                "isexe": "^2.0.0"
              }
            }
          }
        },
        "cssesc": {
          "version": "3.0.0",
          "bundled": true
        },
        "debug": {
          "version": "4.3.4",
          "bundled": true,
          "requires": {
            "ms": "2.1.2"
          },
          "dependencies": {
            "ms": {
              "version": "2.1.2",
              "bundled": true
            }
          }
        },
        "defaults": {
          "version": "1.0.4",
          "bundled": true,
          "requires": {
            "clone": "^1.0.2"
          }
        },
        "delegates": {
          "version": "1.0.0",
          "bundled": true
        },
        "depd": {
          "version": "2.0.0",
          "bundled": true
        },
        "diff": {
          "version": "5.1.0",
          "bundled": true
        },
        "eastasianwidth": {
          "version": "0.2.0",
          "bundled": true
        },
        "emoji-regex": {
          "version": "8.0.0",
          "bundled": true
        },
        "encoding": {
          "version": "0.1.13",
          "bundled": true,
          "optional": true,
          "requires": {
            "iconv-lite": "^0.6.2"
          }
        },
        "env-paths": {
          "version": "2.2.1",
          "bundled": true
        },
        "err-code": {
          "version": "2.0.3",
          "bundled": true
        },
        "event-target-shim": {
          "version": "5.0.1",
          "bundled": true
        },
        "events": {
          "version": "3.3.0",
          "bundled": true
        },
        "exponential-backoff": {
          "version": "3.1.1",
          "bundled": true
        },
        "fastest-levenshtein": {
          "version": "1.0.16",
          "bundled": true
        },
        "foreground-child": {
          "version": "3.1.1",
          "bundled": true,
          "requires": {
            "cross-spawn": "^7.0.0",
            "signal-exit": "^4.0.1"
          }
        },
        "fs-minipass": {
          "version": "3.0.2",
          "bundled": true,
          "requires": {
            "minipass": "^5.0.0"
          }
        },
        "fs.realpath": {
          "version": "1.0.0",
          "bundled": true
        },
        "function-bind": {
          "version": "1.1.1",
          "bundled": true
        },
        "gauge": {
          "version": "5.0.1",
          "bundled": true,
          "requires": {
            "aproba": "^1.0.3 || ^2.0.0",
            "color-support": "^1.1.3",
            "console-control-strings": "^1.1.0",
            "has-unicode": "^2.0.1",
            "signal-exit": "^4.0.1",
            "string-width": "^4.2.3",
            "strip-ansi": "^6.0.1",
            "wide-align": "^1.1.5"
          }
        },
        "glob": {
          "version": "10.2.7",
          "bundled": true,
          "requires": {
            "foreground-child": "^3.1.0",
            "jackspeak": "^2.0.3",
            "minimatch": "^9.0.1",
            "minipass": "^5.0.0 || ^6.0.2",
            "path-scurry": "^1.7.0"
          }
        },
        "graceful-fs": {
          "version": "4.2.11",
          "bundled": true
        },
        "has": {
          "version": "1.0.3",
          "bundled": true,
          "requires": {
            "function-bind": "^1.1.1"
          }
        },
        "has-unicode": {
          "version": "2.0.1",
          "bundled": true
        },
        "hosted-git-info": {
          "version": "6.1.1",
          "bundled": true,
          "requires": {
            "lru-cache": "^7.5.1"
          }
        },
        "http-cache-semantics": {
          "version": "4.1.1",
          "bundled": true
        },
        "http-proxy-agent": {
          "version": "5.0.0",
          "bundled": true,
          "requires": {
            "@tootallnate/once": "2",
            "agent-base": "6",
            "debug": "4"
          }
        },
        "https-proxy-agent": {
          "version": "5.0.1",
          "bundled": true,
          "requires": {
            "agent-base": "6",
            "debug": "4"
          }
        },
        "humanize-ms": {
          "version": "1.2.1",
          "bundled": true,
          "requires": {
            "ms": "^2.0.0"
          }
        },
        "iconv-lite": {
          "version": "0.6.3",
          "bundled": true,
          "optional": true,
          "requires": {
            "safer-buffer": ">= 2.1.2 < 3.0.0"
          }
        },
        "ieee754": {
          "version": "1.2.1",
          "bundled": true
        },
        "ignore-walk": {
          "version": "6.0.3",
          "bundled": true,
          "requires": {
            "minimatch": "^9.0.0"
          }
        },
        "imurmurhash": {
          "version": "0.1.4",
          "bundled": true
        },
        "indent-string": {
          "version": "4.0.0",
          "bundled": true
        },
        "inflight": {
          "version": "1.0.6",
          "bundled": true,
          "requires": {
            "once": "^1.3.0",
            "wrappy": "1"
          }
        },
        "inherits": {
          "version": "2.0.4",
          "bundled": true
        },
        "ini": {
          "version": "4.1.1",
          "bundled": true
        },
        "init-package-json": {
          "version": "5.0.0",
          "bundled": true,
          "requires": {
            "npm-package-arg": "^10.0.0",
            "promzard": "^1.0.0",
            "read": "^2.0.0",
            "read-package-json": "^6.0.0",
            "semver": "^7.3.5",
            "validate-npm-package-license": "^3.0.4",
            "validate-npm-package-name": "^5.0.0"
          }
        },
        "ip": {
          "version": "2.0.0",
          "bundled": true
        },
        "ip-regex": {
          "version": "4.3.0",
          "bundled": true
        },
        "is-cidr": {
          "version": "4.0.2",
          "bundled": true,
          "requires": {
            "cidr-regex": "^3.1.1"
          }
        },
        "is-core-module": {
          "version": "2.12.1",
          "bundled": true,
          "requires": {
            "has": "^1.0.3"
          }
        },
        "is-fullwidth-code-point": {
          "version": "3.0.0",
          "bundled": true
        },
        "is-lambda": {
          "version": "1.0.1",
          "bundled": true
        },
        "isexe": {
          "version": "2.0.0",
          "bundled": true
        },
        "jackspeak": {
          "version": "2.2.1",
          "bundled": true,
          "requires": {
            "@isaacs/cliui": "^8.0.2",
            "@pkgjs/parseargs": "^0.11.0"
          }
        },
        "json-parse-even-better-errors": {
          "version": "3.0.0",
          "bundled": true
        },
        "json-stringify-nice": {
          "version": "1.1.4",
          "bundled": true
        },
        "jsonparse": {
          "version": "1.3.1",
          "bundled": true
        },
        "just-diff": {
          "version": "6.0.2",
          "bundled": true
        },
        "just-diff-apply": {
          "version": "5.5.0",
          "bundled": true
        },
        "libnpmaccess": {
          "version": "7.0.2",
          "bundled": true,
          "requires": {
            "npm-package-arg": "^10.1.0",
            "npm-registry-fetch": "^14.0.3"
          }
        },
        "libnpmdiff": {
          "version": "5.0.19",
          "bundled": true,
          "requires": {
            "@npmcli/arborist": "^6.3.0",
            "@npmcli/disparity-colors": "^3.0.0",
            "@npmcli/installed-package-contents": "^2.0.2",
            "binary-extensions": "^2.2.0",
            "diff": "^5.1.0",
            "minimatch": "^9.0.0",
            "npm-package-arg": "^10.1.0",
            "pacote": "^15.0.8",
            "tar": "^6.1.13"
          }
        },
        "libnpmexec": {
          "version": "6.0.3",
          "bundled": true,
          "requires": {
            "@npmcli/arborist": "^6.3.0",
            "@npmcli/run-script": "^6.0.0",
            "ci-info": "^3.7.1",
            "npm-package-arg": "^10.1.0",
            "npmlog": "^7.0.1",
            "pacote": "^15.0.8",
            "proc-log": "^3.0.0",
            "read": "^2.0.0",
            "read-package-json-fast": "^3.0.2",
            "semver": "^7.3.7",
            "walk-up-path": "^3.0.1"
          }
        },
        "libnpmfund": {
          "version": "4.0.19",
          "bundled": true,
          "requires": {
            "@npmcli/arborist": "^6.3.0"
          }
        },
        "libnpmhook": {
          "version": "9.0.3",
          "bundled": true,
          "requires": {
            "aproba": "^2.0.0",
            "npm-registry-fetch": "^14.0.3"
          }
        },
        "libnpmorg": {
          "version": "5.0.4",
          "bundled": true,
          "requires": {
            "aproba": "^2.0.0",
            "npm-registry-fetch": "^14.0.3"
          }
        },
        "libnpmpack": {
          "version": "5.0.19",
          "bundled": true,
          "requires": {
            "@npmcli/arborist": "^6.3.0",
            "@npmcli/run-script": "^6.0.0",
            "npm-package-arg": "^10.1.0",
            "pacote": "^15.0.8"
          }
        },
        "libnpmpublish": {
          "version": "7.5.0",
          "bundled": true,
          "requires": {
            "ci-info": "^3.6.1",
            "normalize-package-data": "^5.0.0",
            "npm-package-arg": "^10.1.0",
            "npm-registry-fetch": "^14.0.3",
            "proc-log": "^3.0.0",
            "semver": "^7.3.7",
            "sigstore": "^1.4.0",
            "ssri": "^10.0.1"
          }
        },
        "libnpmsearch": {
          "version": "6.0.2",
          "bundled": true,
          "requires": {
            "npm-registry-fetch": "^14.0.3"
          }
        },
        "libnpmteam": {
          "version": "5.0.3",
          "bundled": true,
          "requires": {
            "aproba": "^2.0.0",
            "npm-registry-fetch": "^14.0.3"
          }
        },
        "libnpmversion": {
          "version": "4.0.2",
          "bundled": true,
          "requires": {
            "@npmcli/git": "^4.0.1",
            "@npmcli/run-script": "^6.0.0",
            "json-parse-even-better-errors": "^3.0.0",
            "proc-log": "^3.0.0",
            "semver": "^7.3.7"
          }
        },
        "lru-cache": {
          "version": "7.18.3",
          "bundled": true
        },
        "make-fetch-happen": {
          "version": "11.1.1",
          "bundled": true,
          "requires": {
            "agentkeepalive": "^4.2.1",
            "cacache": "^17.0.0",
            "http-cache-semantics": "^4.1.1",
            "http-proxy-agent": "^5.0.0",
            "https-proxy-agent": "^5.0.0",
            "is-lambda": "^1.0.1",
            "lru-cache": "^7.7.1",
            "minipass": "^5.0.0",
            "minipass-fetch": "^3.0.0",
            "minipass-flush": "^1.0.5",
            "minipass-pipeline": "^1.2.4",
            "negotiator": "^0.6.3",
            "promise-retry": "^2.0.1",
            "socks-proxy-agent": "^7.0.0",
            "ssri": "^10.0.0"
          }
        },
        "minimatch": {
          "version": "9.0.3",
          "bundled": true,
          "requires": {
            "brace-expansion": "^2.0.1"
          }
        },
        "minipass": {
          "version": "5.0.0",
          "bundled": true
        },
        "minipass-collect": {
          "version": "1.0.2",
          "bundled": true,
          "requires": {
            "minipass": "^3.0.0"
          },
          "dependencies": {
            "minipass": {
              "version": "3.3.6",
              "bundled": true,
              "requires": {
                "yallist": "^4.0.0"
              }
            }
          }
        },
        "minipass-fetch": {
          "version": "3.0.3",
          "bundled": true,
          "requires": {
            "encoding": "^0.1.13",
            "minipass": "^5.0.0",
            "minipass-sized": "^1.0.3",
            "minizlib": "^2.1.2"
          }
        },
        "minipass-flush": {
          "version": "1.0.5",
          "bundled": true,
          "requires": {
            "minipass": "^3.0.0"
          },
          "dependencies": {
            "minipass": {
              "version": "3.3.6",
              "bundled": true,
              "requires": {
                "yallist": "^4.0.0"
              }
            }
          }
        },
        "minipass-json-stream": {
          "version": "1.0.1",
          "bundled": true,
          "requires": {
            "jsonparse": "^1.3.1",
            "minipass": "^3.0.0"
          },
          "dependencies": {
            "minipass": {
              "version": "3.3.6",
              "bundled": true,
              "requires": {
                "yallist": "^4.0.0"
              }
            }
          }
        },
        "minipass-pipeline": {
          "version": "1.2.4",
          "bundled": true,
          "requires": {
            "minipass": "^3.0.0"
          },
          "dependencies": {
            "minipass": {
              "version": "3.3.6",
              "bundled": true,
              "requires": {
                "yallist": "^4.0.0"
              }
            }
          }
        },
        "minipass-sized": {
          "version": "1.0.3",
          "bundled": true,
          "requires": {
            "minipass": "^3.0.0"
          },
          "dependencies": {
            "minipass": {
              "version": "3.3.6",
              "bundled": true,
              "requires": {
                "yallist": "^4.0.0"
              }
            }
          }
        },
        "minizlib": {
          "version": "2.1.2",
          "bundled": true,
          "requires": {
            "minipass": "^3.0.0",
            "yallist": "^4.0.0"
          },
          "dependencies": {
            "minipass": {
              "version": "3.3.6",
              "bundled": true,
              "requires": {
                "yallist": "^4.0.0"
              }
            }
          }
        },
        "mkdirp": {
          "version": "1.0.4",
          "bundled": true
        },
        "ms": {
          "version": "2.1.3",
          "bundled": true
        },
        "mute-stream": {
          "version": "1.0.0",
          "bundled": true
        },
        "negotiator": {
          "version": "0.6.3",
          "bundled": true
        },
        "node-gyp": {
          "version": "9.4.0",
          "bundled": true,
          "requires": {
            "env-paths": "^2.2.0",
            "exponential-backoff": "^3.1.1",
            "glob": "^7.1.4",
            "graceful-fs": "^4.2.6",
            "make-fetch-happen": "^11.0.3",
            "nopt": "^6.0.0",
            "npmlog": "^6.0.0",
            "rimraf": "^3.0.2",
            "semver": "^7.3.5",
            "tar": "^6.1.2",
            "which": "^2.0.2"
          },
          "dependencies": {
            "abbrev": {
              "version": "1.1.1",
              "bundled": true
            },
            "are-we-there-yet": {
              "version": "3.0.1",
              "bundled": true,
              "requires": {
                "delegates": "^1.0.0",
                "readable-stream": "^3.6.0"
              }
            },
            "brace-expansion": {
              "version": "1.1.11",
              "bundled": true,
              "requires": {
                "balanced-match": "^1.0.0",
                "concat-map": "0.0.1"
              }
            },
            "gauge": {
              "version": "4.0.4",
              "bundled": true,
              "requires": {
                "aproba": "^1.0.3 || ^2.0.0",
                "color-support": "^1.1.3",
                "console-control-strings": "^1.1.0",
                "has-unicode": "^2.0.1",
                "signal-exit": "^3.0.7",
                "string-width": "^4.2.3",
                "strip-ansi": "^6.0.1",
                "wide-align": "^1.1.5"
              }
            },
            "glob": {
              "version": "7.2.3",
              "bundled": true,
              "requires": {
                "fs.realpath": "^1.0.0",
                "inflight": "^1.0.4",
                "inherits": "2",
                "minimatch": "^3.1.1",
                "once": "^1.3.0",
                "path-is-absolute": "^1.0.0"
              }
            },
            "minimatch": {
              "version": "3.1.2",
              "bundled": true,
              "requires": {
                "brace-expansion": "^1.1.7"
              }
            },
            "nopt": {
              "version": "6.0.0",
              "bundled": true,
              "requires": {
                "abbrev": "^1.0.0"
              }
            },
            "npmlog": {
              "version": "6.0.2",
              "bundled": true,
              "requires": {
                "are-we-there-yet": "^3.0.0",
                "console-control-strings": "^1.1.0",
                "gauge": "^4.0.3",
                "set-blocking": "^2.0.0"
              }
            },
            "readable-stream": {
              "version": "3.6.2",
              "bundled": true,
              "requires": {
                "inherits": "^2.0.3",
                "string_decoder": "^1.1.1",
                "util-deprecate": "^1.0.1"
              }
            },
            "signal-exit": {
              "version": "3.0.7",
              "bundled": true
            },
            "which": {
              "version": "2.0.2",
              "bundled": true,
              "requires": {
                "isexe": "^2.0.0"
              }
            }
          }
        },
        "nopt": {
          "version": "7.2.0",
          "bundled": true,
          "requires": {
            "abbrev": "^2.0.0"
          }
        },
        "normalize-package-data": {
          "version": "5.0.0",
          "bundled": true,
          "requires": {
            "hosted-git-info": "^6.0.0",
            "is-core-module": "^2.8.1",
            "semver": "^7.3.5",
            "validate-npm-package-license": "^3.0.4"
          }
        },
        "npm-audit-report": {
          "version": "5.0.0",
          "bundled": true
        },
        "npm-bundled": {
          "version": "3.0.0",
          "bundled": true,
          "requires": {
            "npm-normalize-package-bin": "^3.0.0"
          }
        },
        "npm-install-checks": {
          "version": "6.1.1",
          "bundled": true,
          "requires": {
            "semver": "^7.1.1"
          }
        },
        "npm-normalize-package-bin": {
          "version": "3.0.1",
          "bundled": true
        },
        "npm-package-arg": {
          "version": "10.1.0",
          "bundled": true,
          "requires": {
            "hosted-git-info": "^6.0.0",
            "proc-log": "^3.0.0",
            "semver": "^7.3.5",
            "validate-npm-package-name": "^5.0.0"
          }
        },
        "npm-packlist": {
          "version": "7.0.4",
          "bundled": true,
          "requires": {
            "ignore-walk": "^6.0.0"
          }
        },
        "npm-pick-manifest": {
          "version": "8.0.1",
          "bundled": true,
          "requires": {
            "npm-install-checks": "^6.0.0",
            "npm-normalize-package-bin": "^3.0.0",
            "npm-package-arg": "^10.0.0",
            "semver": "^7.3.5"
          }
        },
        "npm-profile": {
          "version": "7.0.1",
          "bundled": true,
          "requires": {
            "npm-registry-fetch": "^14.0.0",
            "proc-log": "^3.0.0"
          }
        },
        "npm-registry-fetch": {
          "version": "14.0.5",
          "bundled": true,
          "requires": {
            "make-fetch-happen": "^11.0.0",
            "minipass": "^5.0.0",
            "minipass-fetch": "^3.0.0",
            "minipass-json-stream": "^1.0.1",
            "minizlib": "^2.1.2",
            "npm-package-arg": "^10.0.0",
            "proc-log": "^3.0.0"
          }
        },
        "npm-user-validate": {
          "version": "2.0.0",
          "bundled": true
        },
        "npmlog": {
          "version": "7.0.1",
          "bundled": true,
          "requires": {
            "are-we-there-yet": "^4.0.0",
            "console-control-strings": "^1.1.0",
            "gauge": "^5.0.0",
            "set-blocking": "^2.0.0"
          }
        },
        "once": {
          "version": "1.4.0",
          "bundled": true,
          "requires": {
            "wrappy": "1"
          }
        },
        "p-map": {
          "version": "4.0.0",
          "bundled": true,
          "requires": {
            "aggregate-error": "^3.0.0"
          }
        },
        "pacote": {
          "version": "15.2.0",
          "bundled": true,
          "requires": {
            "@npmcli/git": "^4.0.0",
            "@npmcli/installed-package-contents": "^2.0.1",
            "@npmcli/promise-spawn": "^6.0.1",
            "@npmcli/run-script": "^6.0.0",
            "cacache": "^17.0.0",
            "fs-minipass": "^3.0.0",
            "minipass": "^5.0.0",
            "npm-package-arg": "^10.0.0",
            "npm-packlist": "^7.0.0",
            "npm-pick-manifest": "^8.0.0",
            "npm-registry-fetch": "^14.0.0",
            "proc-log": "^3.0.0",
            "promise-retry": "^2.0.1",
            "read-package-json": "^6.0.0",
            "read-package-json-fast": "^3.0.0",
            "sigstore": "^1.3.0",
            "ssri": "^10.0.0",
            "tar": "^6.1.11"
          }
        },
        "parse-conflict-json": {
          "version": "3.0.1",
          "bundled": true,
          "requires": {
            "json-parse-even-better-errors": "^3.0.0",
            "just-diff": "^6.0.0",
            "just-diff-apply": "^5.2.0"
          }
        },
        "path-is-absolute": {
          "version": "1.0.1",
          "bundled": true
        },
        "path-key": {
          "version": "3.1.1",
          "bundled": true
        },
        "path-scurry": {
          "version": "1.9.2",
          "bundled": true,
          "requires": {
            "lru-cache": "^9.1.1",
            "minipass": "^5.0.0 || ^6.0.2"
          },
          "dependencies": {
            "lru-cache": {
              "version": "9.1.1",
              "bundled": true
            }
          }
        },
        "postcss-selector-parser": {
          "version": "6.0.13",
          "bundled": true,
          "requires": {
            "cssesc": "^3.0.0",
            "util-deprecate": "^1.0.2"
          }
        },
        "proc-log": {
          "version": "3.0.0",
          "bundled": true
        },
        "process": {
          "version": "0.11.10",
          "bundled": true
        },
        "promise-all-reject-late": {
          "version": "1.0.1",
          "bundled": true
        },
        "promise-call-limit": {
          "version": "1.0.2",
          "bundled": true
        },
        "promise-inflight": {
          "version": "1.0.1",
          "bundled": true
        },
        "promise-retry": {
          "version": "2.0.1",
          "bundled": true,
          "requires": {
            "err-code": "^2.0.2",
            "retry": "^0.12.0"
          }
        },
        "promzard": {
          "version": "1.0.0",
          "bundled": true,
          "requires": {
            "read": "^2.0.0"
          }
        },
        "qrcode-terminal": {
          "version": "0.12.0",
          "bundled": true
        },
        "read": {
          "version": "2.1.0",
          "bundled": true,
          "requires": {
            "mute-stream": "~1.0.0"
          }
        },
        "read-cmd-shim": {
          "version": "4.0.0",
          "bundled": true
        },
        "read-package-json": {
          "version": "6.0.4",
          "bundled": true,
          "requires": {
            "glob": "^10.2.2",
            "json-parse-even-better-errors": "^3.0.0",
            "normalize-package-data": "^5.0.0",
            "npm-normalize-package-bin": "^3.0.0"
          }
        },
        "read-package-json-fast": {
          "version": "3.0.2",
          "bundled": true,
          "requires": {
            "json-parse-even-better-errors": "^3.0.0",
            "npm-normalize-package-bin": "^3.0.0"
          }
        },
        "readable-stream": {
          "version": "4.4.0",
          "bundled": true,
          "requires": {
            "abort-controller": "^3.0.0",
            "buffer": "^6.0.3",
            "events": "^3.3.0",
            "process": "^0.11.10"
          }
        },
        "retry": {
          "version": "0.12.0",
          "bundled": true
        },
        "rimraf": {
          "version": "3.0.2",
          "bundled": true,
          "requires": {
            "glob": "^7.1.3"
          },
          "dependencies": {
            "brace-expansion": {
              "version": "1.1.11",
              "bundled": true,
              "requires": {
                "balanced-match": "^1.0.0",
                "concat-map": "0.0.1"
              }
            },
            "glob": {
              "version": "7.2.3",
              "bundled": true,
              "requires": {
                "fs.realpath": "^1.0.0",
                "inflight": "^1.0.4",
                "inherits": "2",
                "minimatch": "^3.1.1",
                "once": "^1.3.0",
                "path-is-absolute": "^1.0.0"
              }
            },
            "minimatch": {
              "version": "3.1.2",
              "bundled": true,
              "requires": {
                "brace-expansion": "^1.1.7"
              }
            }
          }
        },
        "safe-buffer": {
          "version": "5.2.1",
          "bundled": true
        },
        "safer-buffer": {
          "version": "2.1.2",
          "bundled": true,
          "optional": true
        },
        "semver": {
          "version": "7.5.4",
          "bundled": true,
          "requires": {
            "lru-cache": "^6.0.0"
          },
          "dependencies": {
            "lru-cache": {
              "version": "6.0.0",
              "bundled": true,
              "requires": {
                "yallist": "^4.0.0"
              }
            }
          }
        },
        "set-blocking": {
          "version": "2.0.0",
          "bundled": true
        },
        "shebang-command": {
          "version": "2.0.0",
          "bundled": true,
          "requires": {
            "shebang-regex": "^3.0.0"
          }
        },
        "shebang-regex": {
          "version": "3.0.0",
          "bundled": true
        },
        "signal-exit": {
          "version": "4.0.2",
          "bundled": true
        },
        "sigstore": {
          "version": "1.7.0",
          "bundled": true,
          "requires": {
            "@sigstore/protobuf-specs": "^0.1.0",
            "@sigstore/tuf": "^1.0.1",
            "make-fetch-happen": "^11.0.1"
          }
        },
        "smart-buffer": {
          "version": "4.2.0",
          "bundled": true
        },
        "socks": {
          "version": "2.7.1",
          "bundled": true,
          "requires": {
            "ip": "^2.0.0",
            "smart-buffer": "^4.2.0"
          }
        },
        "socks-proxy-agent": {
          "version": "7.0.0",
          "bundled": true,
          "requires": {
            "agent-base": "^6.0.2",
            "debug": "^4.3.3",
            "socks": "^2.6.2"
          }
        },
        "spdx-correct": {
          "version": "3.2.0",
          "bundled": true,
          "requires": {
            "spdx-expression-parse": "^3.0.0",
            "spdx-license-ids": "^3.0.0"
          }
        },
        "spdx-exceptions": {
          "version": "2.3.0",
          "bundled": true
        },
        "spdx-expression-parse": {
          "version": "3.0.1",
          "bundled": true,
          "requires": {
            "spdx-exceptions": "^2.1.0",
            "spdx-license-ids": "^3.0.0"
          }
        },
        "spdx-license-ids": {
          "version": "3.0.13",
          "bundled": true
        },
        "ssri": {
          "version": "10.0.4",
          "bundled": true,
          "requires": {
            "minipass": "^5.0.0"
          }
        },
        "string-width": {
          "version": "4.2.3",
          "bundled": true,
          "requires": {
            "emoji-regex": "^8.0.0",
            "is-fullwidth-code-point": "^3.0.0",
            "strip-ansi": "^6.0.1"
          }
        },
        "string-width-cjs": {
          "version": "npm:string-width@4.2.3",
          "bundled": true,
          "requires": {
            "emoji-regex": "^8.0.0",
            "is-fullwidth-code-point": "^3.0.0",
            "strip-ansi": "^6.0.1"
          }
        },
        "string_decoder": {
          "version": "1.3.0",
          "bundled": true,
          "requires": {
            "safe-buffer": "~5.2.0"
          }
        },
        "strip-ansi": {
          "version": "6.0.1",
          "bundled": true,
          "requires": {
            "ansi-regex": "^5.0.1"
          }
        },
        "strip-ansi-cjs": {
          "version": "npm:strip-ansi@6.0.1",
          "bundled": true,
          "requires": {
            "ansi-regex": "^5.0.1"
          }
        },
        "supports-color": {
          "version": "9.4.0",
          "bundled": true
        },
        "tar": {
          "version": "6.1.15",
          "bundled": true,
          "requires": {
            "chownr": "^2.0.0",
            "fs-minipass": "^2.0.0",
            "minipass": "^5.0.0",
            "minizlib": "^2.1.1",
            "mkdirp": "^1.0.3",
            "yallist": "^4.0.0"
          },
          "dependencies": {
            "fs-minipass": {
              "version": "2.1.0",
              "bundled": true,
              "requires": {
                "minipass": "^3.0.0"
              },
              "dependencies": {
                "minipass": {
                  "version": "3.3.6",
                  "bundled": true,
                  "requires": {
                    "yallist": "^4.0.0"
                  }
                }
              }
            }
          }
        },
        "text-table": {
          "version": "0.2.0",
          "bundled": true
        },
        "tiny-relative-date": {
          "version": "1.3.0",
          "bundled": true
        },
        "treeverse": {
          "version": "3.0.0",
          "bundled": true
        },
        "tuf-js": {
          "version": "1.1.7",
          "bundled": true,
          "requires": {
            "@tufjs/models": "1.0.4",
            "debug": "^4.3.4",
            "make-fetch-happen": "^11.1.1"
          }
        },
        "unique-filename": {
          "version": "3.0.0",
          "bundled": true,
          "requires": {
            "unique-slug": "^4.0.0"
          }
        },
        "unique-slug": {
          "version": "4.0.0",
          "bundled": true,
          "requires": {
            "imurmurhash": "^0.1.4"
          }
        },
        "util-deprecate": {
          "version": "1.0.2",
          "bundled": true
        },
        "validate-npm-package-license": {
          "version": "3.0.4",
          "bundled": true,
          "requires": {
            "spdx-correct": "^3.0.0",
            "spdx-expression-parse": "^3.0.0"
          }
        },
        "validate-npm-package-name": {
          "version": "5.0.0",
          "bundled": true,
          "requires": {
            "builtins": "^5.0.0"
          }
        },
        "walk-up-path": {
          "version": "3.0.1",
          "bundled": true
        },
        "wcwidth": {
          "version": "1.0.1",
          "bundled": true,
          "requires": {
            "defaults": "^1.0.3"
          }
        },
        "which": {
          "version": "3.0.1",
          "bundled": true,
          "requires": {
            "isexe": "^2.0.0"
          }
        },
        "wide-align": {
          "version": "1.1.5",
          "bundled": true,
          "requires": {
            "string-width": "^1.0.2 || 2 || 3 || 4"
          }
        },
        "wrap-ansi": {
          "version": "8.1.0",
          "bundled": true,
          "requires": {
            "ansi-styles": "^6.1.0",
            "string-width": "^5.0.1",
            "strip-ansi": "^7.0.1"
          },
          "dependencies": {
            "ansi-regex": {
              "version": "6.0.1",
              "bundled": true
            },
            "ansi-styles": {
              "version": "6.2.1",
              "bundled": true
            },
            "emoji-regex": {
              "version": "9.2.2",
              "bundled": true
            },
            "string-width": {
              "version": "5.1.2",
              "bundled": true,
              "requires": {
                "eastasianwidth": "^0.2.0",
                "emoji-regex": "^9.2.2",
                "strip-ansi": "^7.0.1"
              }
            },
            "strip-ansi": {
              "version": "7.1.0",
              "bundled": true,
              "requires": {
                "ansi-regex": "^6.0.1"
              }
            }
          }
        },
        "wrap-ansi-cjs": {
          "version": "npm:wrap-ansi@7.0.0",
          "bundled": true,
          "requires": {
            "ansi-styles": "^4.0.0",
            "string-width": "^4.1.0",
            "strip-ansi": "^6.0.0"
          }
        },
        "wrappy": {
          "version": "1.0.2",
          "bundled": true
        },
        "write-file-atomic": {
          "version": "5.0.1",
          "bundled": true,
          "requires": {
            "imurmurhash": "^0.1.4",
            "signal-exit": "^4.0.1"
          }
        },
        "yallist": {
          "version": "4.0.0",
          "bundled": true
        }
      }
    }
  }
}
