# THIS IS AN AUTOGENERATED FILE. DO NOT EDIT THIS FILE DIRECTLY.
# yarn lockfile v1


"@element-plus/icons@^0.0.11":
  version "0.0.11"
  resolved "https://registry.npmjs.org/@element-plus/icons/-/icons-0.0.11.tgz#9b187c002774548b911850d17fa5fc2f9a515f57"
  integrity sha512-iKQXSxXu131Ai+I9Ymtcof9WId7kaXvB1+WRfAfpQCW7UiAMYgdNDqb/u0hgTo2Yq3MwC4MWJnNuTBEpG8r7+A==

"@popperjs/core@^2.4.4":
  version "2.9.3"
  resolved "https://registry.npmjs.org/@popperjs/core/-/core-2.9.3.tgz#8b68da1ebd7fc603999cf6ebee34a4899a14b88e"
  integrity sha512-xDu17cEfh7Kid/d95kB6tZsLOmSWKCZKtprnhVepjsSaCij+lM3mItSJDuuHDMbCWTh8Ejmebwb+KONcCJ0eXQ==

async-validator@^3.4.0:
  version "3.5.2"
  resolved "https://registry.npmjs.org/async-validator/-/async-validator-3.5.2.tgz#68e866a96824e8b2694ff7a831c1a25c44d5e500"
  integrity sha512-8eLCg00W9pIRZSB781UUX/H6Oskmm8xloZfr09lz5bikRpBVDlJ3hRVuxxP1SxcwsEYfJ4IU8Q19Y8/893r3rQ==

dayjs@1.x:
  version "1.10.6"
  resolved "https://registry.npmjs.org/dayjs/-/dayjs-1.10.6.tgz#288b2aa82f2d8418a6c9d4df5898c0737ad02a63"
  integrity sha512-AztC/IOW4L1Q41A86phW5Thhcrco3xuAA+YX/BLpLWWjRcTj5TOt/QImBLmCKlrF7u7k47arTnOyL6GnbG8Hvw==

element-plus@^1.1.0-beta.7:
  version "1.1.0-beta.7"
  resolved "https://registry.npmjs.org/element-plus/-/element-plus-1.1.0-beta.7.tgz#9a877bc2d72f5c3ab6f78a3c45fa6f458ea87fb0"
  integrity sha512-+HcIwJsd0/kXl5roqgPhWhpbxL+s8cWMVD6+Lg0HS1gI9dnBZ3dN238UMYmerk+fCpN7l4V0ShuqM1gq1a7nNw==
  dependencies:
    "@element-plus/icons" "^0.0.11"
    "@popperjs/core" "^2.4.4"
    async-validator "^3.4.0"
    dayjs "1.x"
    lodash "^4.17.20"
    mitt "^2.1.0"
    normalize-wheel "^1.0.1"
    resize-observer-polyfill "^1.5.1"

lodash@^4.17.20:
  version "4.17.21"
  resolved "https://registry.npmjs.org/lodash/-/lodash-4.17.21.tgz#679591c564c3bffaae8454cf0b3df370c3d6911c"
  integrity sha512-v2kDEe57lecTulaDIuNTPy3Ry4gLGJ6Z1O3vE1krgXZNrsQ+LFTGHVxVjcXPs17LhbZVGedAJv8XZ1tvj5FvSg==

mitt@^2.1.0:
  version "2.1.0"
  resolved "https://registry.npmjs.org/mitt/-/mitt-2.1.0.tgz#f740577c23176c6205b121b2973514eade1b2230"
  integrity sha512-ILj2TpLiysu2wkBbWjAmww7TkZb65aiQO+DkVdUTBpBXq+MHYiETENkKFMtsJZX1Lf4pe4QOrTSjIfUwN5lRdg==

normalize-wheel@^1.0.1:
  version "1.0.1"
  resolved "https://registry.npmjs.org/normalize-wheel/-/normalize-wheel-1.0.1.tgz#aec886affdb045070d856447df62ecf86146ec45"
  integrity sha1-rsiGr/2wRQcNhWRH32Ls+GFG7EU=

resize-observer-polyfill@^1.5.1:
  version "1.5.1"
  resolved "https://registry.npmjs.org/resize-observer-polyfill/-/resize-observer-polyfill-1.5.1.tgz#0e9020dd3d21024458d4ebd27e23e40269810464"
  integrity sha512-LwZrotdHOo12nQuZlHEmtuXdqGoOD0OhaxopaNFxWzInpEgaLWoVuAMbTzixuosCx2nEG58ngzW3vxdWoxIgdg==

throttle-debounce@^3.0.1:
  version "3.0.1"
  resolved "https://registry.yarnpkg.com/throttle-debounce/-/throttle-debounce-3.0.1.tgz#32f94d84dfa894f786c9a1f290e7a645b6a19abb"
  integrity sha512-dTEWWNu6JmeVXY0ZYoPuH5cRIwc0MeGbJwah9KUNYSJwommQpCzTySTpEe8Gs1J23aeWEuAobe4Ag7EHVt/LOg==
